{
  "lockfileVersion": 1,
  "workspaces": {
    "": {
      "name": "@zk-regex/benchmarks",
      "dependencies": {
        "snarkjs": "^0.7.5",
      },
      "devDependencies": {
        "@types/node": "^22.0.0",
        "bun-types": "latest",
        "typescript": "^5.7.0",
      },
    },
  },
  "packages": {
    "@iden3/bigarray": ["@iden3/bigarray@0.0.2", "", {}, "sha512-Xzdyxqm1bOFF6pdIsiHLLl3HkSLjbhqJHVyqaTxXt3RqXBEnmsUmEW47H7VOi/ak7TdkRpNkxjyK5Zbkm+y52g=="],

    "@iden3/binfileutils": ["@iden3/binfileutils@0.0.12", "", { "dependencies": { "fastfile": "0.0.20", "ffjavascript": "^0.3.0" } }, "sha512-naAmzuDufRIcoNfQ1d99d7hGHufLA3wZSibtr4dMe6ZeiOPV1KwOZWTJ1YVz4HbaWlpDuzVU72dS4ATQS4PXBQ=="],

    "@noble/hashes": ["@noble/hashes@1.8.0", "", {}, "sha512-jCs9ldd7NwzpgXDIf6P3+NrHh9/sD6CQdxHyjQI+h/6rDNo88ypBxxz45UDuZHz9r3tNz7N/VInSVoVdtXEI4A=="],

    "@types/node": ["@types/node@22.19.10", "", { "dependencies": { "undici-types": "~6.21.0" } }, "sha512-tF5VOugLS/EuDlTBijk0MqABfP8UxgYazTLo3uIn3b4yJgg26QRbVYJYsDtHrjdDUIRfP70+VfhTTc+CE1yskw=="],

    "async": ["async@3.2.6", "", {}, "sha512-htCUDlxyyCLMgaM3xXg0C0LW2xqfuQ6p05pCEIsXuyQ+a1koYKTuBMzRNwmybfLgvJDMd0r1LTn4+E0Ti6C2AA=="],

    "balanced-match": ["balanced-match@1.0.2", "", {}, "sha512-3oSeUO0TMV67hN1AmbXsK4yaqU7tjiHlbxRDZOpH0KW9+CeX4bRAaX0Anxt0tx2MrpRpWwQaPwIlISEJhYU5Pw=="],

    "bfj": ["bfj@7.1.0", "", { "dependencies": { "bluebird": "^3.7.2", "check-types": "^11.2.3", "hoopy": "^0.1.4", "jsonpath": "^1.1.1", "tryer": "^1.0.1" } }, "sha512-I6MMLkn+anzNdCUp9hMRyui1HaNEUCco50lxbvNS4+EyXg8lN3nJ48PjPWtbH8UVS9CuMoaKE9U2V3l29DaRQw=="],

    "bluebird": ["bluebird@3.7.2", "", {}, "sha512-XpNj6GDQzdfW+r2Wnn7xiSAd7TM3jzkxGXBGTtWKuSXv1xUV+azxAm8jdWZN06QTQk+2N2XB9jRDkvbmQmcRtg=="],

    "brace-expansion": ["brace-expansion@2.0.2", "", { "dependencies": { "balanced-match": "^1.0.0" } }, "sha512-Jt0vHyM+jmUBqojB7E1NIYadt0vI0Qxjxd2TErW94wDz+E2LAm5vKMXXwg6ZZBTHPuUlDgQHKXvjGBdfcF1ZDQ=="],

    "bun-types": ["bun-types@1.3.9", "", { "dependencies": { "@types/node": "*" } }, "sha512-+UBWWOakIP4Tswh0Bt0QD0alpTY8cb5hvgiYeWCMet9YukHbzuruIEeXC2D7nMJPB12kbh8C7XJykSexEqGKJg=="],

    "check-types": ["check-types@11.2.3", "", {}, "sha512-+67P1GkJRaxQD6PKK0Et9DhwQB+vGg3PM5+aavopCpZT1lj9jeqfvpgTLAWErNj8qApkkmXlu/Ug74kmhagkXg=="],

    "circom_runtime": ["circom_runtime@0.1.28", "", { "dependencies": { "ffjavascript": "0.3.1" }, "bin": { "calcwit": "calcwit.js" } }, "sha512-ACagpQ7zBRLKDl5xRZ4KpmYIcZDUjOiNRuxvXLqhnnlLSVY1Dbvh73TI853nqoR0oEbihtWmMSjgc5f+pXf/jQ=="],

    "ejs": ["ejs@3.1.10", "", { "dependencies": { "jake": "^10.8.5" }, "bin": { "ejs": "bin/cli.js" } }, "sha512-UeJmFfOrAQS8OJWPZ4qtgHyWExa088/MtK5UEyoJGFH67cDEXkZSviOiKRCZ4Xij0zxI3JECgYs3oKx+AizQBA=="],

    "escodegen": ["escodegen@2.1.0", "", { "dependencies": { "esprima": "^4.0.1", "estraverse": "^5.2.0", "esutils": "^2.0.2" }, "optionalDependencies": { "source-map": "~0.6.1" }, "bin": { "esgenerate": "bin/esgenerate.js", "escodegen": "bin/escodegen.js" } }, "sha512-2NlIDTwUWJN0mRPQOdtQBzbUHvdGY2P1VXSyU83Q3xKxM7WHX2Ql8dKq782Q9TgQUNOLEzEYu9bzLNj1q88I5w=="],

    "esprima": ["esprima@1.2.5", "", { "bin": { "esparse": "./bin/esparse.js", "esvalidate": "./bin/esvalidate.js" } }, "sha512-S9VbPDU0adFErpDai3qDkjq8+G05ONtKzcyNrPKg/ZKa+tf879nX2KexNU95b31UoTJjRLInNBHHHjFPoCd7lQ=="],

    "estraverse": ["estraverse@5.3.0", "", {}, "sha512-MMdARuVEQziNTeJD8DgMqmhwR11BRQ/cBP+pLtYdSTnf3MIO8fFeiINEbX36ZdNlfU/7A9f3gUw49B3oQsvwBA=="],

    "esutils": ["esutils@2.0.3", "", {}, "sha512-kVscqXk4OCp68SZ0dkgEKVi6/8ij300KBWTJq32P/dYeWTSwK41WyTxalN1eRmA5Z9UU/LX9D7FWSmV9SAYx6g=="],

    "fastfile": ["fastfile@0.0.20", "", {}, "sha512-r5ZDbgImvVWCP0lA/cGNgQcZqR+aYdFx3u+CtJqUE510pBUVGMn4ulL/iRTI4tACTYsNJ736uzFxEBXesPAktA=="],

    "ffjavascript": ["ffjavascript@0.3.1", "", { "dependencies": { "wasmbuilder": "0.0.16", "wasmcurves": "0.2.2", "web-worker": "1.2.0" } }, "sha512-4PbK1WYodQtuF47D4pRI5KUg3Q392vuP5WjE1THSnceHdXwU3ijaoS0OqxTzLknCtz4Z2TtABzkBdBdMn3B/Aw=="],

    "filelist": ["filelist@1.0.4", "", { "dependencies": { "minimatch": "^5.0.1" } }, "sha512-w1cEuf3S+DrLCQL7ET6kz+gmlJdbq9J7yXCSjK/OZCPA+qEN1WyF4ZAf0YYJa4/shHJra2t/d/r8SV4Ji+x+8Q=="],

    "hoopy": ["hoopy@0.1.4", "", {}, "sha512-HRcs+2mr52W0K+x8RzcLzuPPmVIKMSv97RGHy0Ea9y/mpcaK+xTrjICA04KAHi4GRzxliNqNJEFYWHghy3rSfQ=="],

    "jake": ["jake@10.9.4", "", { "dependencies": { "async": "^3.2.6", "filelist": "^1.0.4", "picocolors": "^1.1.1" }, "bin": { "jake": "bin/cli.js" } }, "sha512-wpHYzhxiVQL+IV05BLE2Xn34zW1S223hvjtqk0+gsPrwd/8JNLXJgZZM/iPFsYc1xyphF+6M6EvdE5E9MBGkDA=="],

    "jsonpath": ["jsonpath@1.2.1", "", { "dependencies": { "esprima": "1.2.5", "static-eval": "2.1.1", "underscore": "1.13.6" } }, "sha512-Jl6Jhk0jG+kP3yk59SSeGq7LFPR4JQz1DU0K+kXTysUhMostbhU3qh5mjTuf0PqFcXpAT7kvmMt9WxV10NyIgQ=="],

    "logplease": ["logplease@1.2.15", "", {}, "sha512-jLlHnlsPSJjpwUfcNyUxXCl33AYg2cHhIf9QhGL2T4iPT0XPB+xP1LRKFPgIg1M/sg9kAJvy94w9CzBNrfnstA=="],

    "minimatch": ["minimatch@5.1.6", "", { "dependencies": { "brace-expansion": "^2.0.1" } }, "sha512-lKwV/1brpG6mBUFHtb7NUmtABCb2WZZmm2wNiOA5hAb8VdCS4B3dtMWyvcoViccwAW/COERjXLt0zP1zXUN26g=="],

    "picocolors": ["picocolors@1.1.1", "", {}, "sha512-xceH2snhtb5M9liqDsmEw56le376mTZkEX/jEb/RxNFyegNul7eNslCXP9FDj/Lcu0X8KEyMceP2ntpaHrDEVA=="],

    "r1csfile": ["r1csfile@0.0.48", "", { "dependencies": { "@iden3/bigarray": "0.0.2", "@iden3/binfileutils": "0.0.12", "fastfile": "0.0.20", "ffjavascript": "0.3.0" } }, "sha512-kHRkKUJNaor31l05f2+RFzvcH5XSa7OfEfd/l4hzjte6NL6fjRkSMfZ4BjySW9wmfdwPOtq3mXurzPvPGEf5Tw=="],

    "snarkjs": ["snarkjs@0.7.6", "", { "dependencies": { "@iden3/binfileutils": "0.0.12", "@noble/hashes": "^1.7.1", "bfj": "^7.0.2", "circom_runtime": "0.1.28", "ejs": "^3.1.6", "fastfile": "0.0.20", "ffjavascript": "0.3.1", "logplease": "^1.2.15", "r1csfile": "0.0.48" }, "bin": { "snarkjs": "build/cli.cjs" } }, "sha512-4uH1xA5JzVU5jaaWS2fXej3+RC6L5Erhr6INTJtUA27du4Elbh4VXCeeRjB4QiwL6N6y7SNKePw5prTxyEf4Zg=="],

    "source-map": ["source-map@0.6.1", "", {}, "sha512-UjgapumWlbMhkBgzT7Ykc5YXUT46F0iKu8SGXq0bcwP5dz/h0Plj6enJqjz1Zbq2l5WaqYnrVbwWOWMyF3F47g=="],

    "static-eval": ["static-eval@2.1.1", "", { "dependencies": { "escodegen": "^2.1.0" } }, "sha512-MgWpQ/ZjGieSVB3eOJVs4OA2LT/q1vx98KPCTTQPzq/aLr0YUXTsgryTXr4SLfR0ZfUUCiedM9n/ABeDIyy4mA=="],

    "tryer": ["tryer@1.0.1", "", {}, "sha512-c3zayb8/kWWpycWYg87P71E1S1ZL6b6IJxfb5fvsUgsf0S2MVGaDhDXXjDMpdCpfWXqptc+4mXwmiy1ypXqRAA=="],

    "typescript": ["typescript@5.9.3", "", { "bin": { "tsc": "bin/tsc", "tsserver": "bin/tsserver" } }, "sha512-jl1vZzPDinLr9eUt3J/t7V6FgNEw9QjvBPdysz9KfQDD41fQrC2Y4vKQdiaUpFT4bXlb1RHhLpp8wtm6M5TgSw=="],

    "underscore": ["underscore@1.13.6", "", {}, "sha512-+A5Sja4HP1M08MaXya7p5LvjuM7K6q/2EaC0+iovj/wOcMsTzMvDFbasi/oSapiwOlt252IqsKqPjCl7huKS0A=="],

    "undici-types": ["undici-types@6.21.0", "", {}, "sha512-iwDZqg0QAGrg9Rav5H4n0M64c3mkR59cJ6wQp+7C4nI0gsmExaedaYLNO44eT4AtBBwjbTiGPMlt2Md0T9H9JQ=="],

    "wasmbuilder": ["wasmbuilder@0.0.16", "", {}, "sha512-Qx3lEFqaVvp1cEYW7Bfi+ebRJrOiwz2Ieu7ZG2l7YyeSJIok/reEQCQCuicj/Y32ITIJuGIM9xZQppGx5LrQdA=="],

    "wasmcurves": ["wasmcurves@0.2.2", "", { "dependencies": { "wasmbuilder": "0.0.16" } }, "sha512-JRY908NkmKjFl4ytnTu5ED6AwPD+8VJ9oc94kdq7h5bIwbj0L4TDJ69mG+2aLs2SoCmGfqIesMWTEJjtYsoQXQ=="],

    "web-worker": ["web-worker@1.2.0", "", {}, "sha512-PgF341avzqyx60neE9DD+XS26MMNMoUQRz9NOZwW32nPQrF6p77f1htcnjBSEV8BGMKZ16choqUG4hyI0Hx7mA=="],

    "escodegen/esprima": ["esprima@4.0.1", "", { "bin": { "esparse": "./bin/esparse.js", "esvalidate": "./bin/esvalidate.js" } }, "sha512-eGuFFw7Upda+g4p+QHvnW0RyTX/SVeJBDM/gCtMARO0cLuT2HcEKnTPvhjV6aGeqrCB/sbNop0Kszm0jsaWU4A=="],

    "r1csfile/ffjavascript": ["ffjavascript@0.3.0", "", { "dependencies": { "wasmbuilder": "0.0.16", "wasmcurves": "0.2.2", "web-worker": "1.2.0" } }, "sha512-l7sR5kmU3gRwDy8g0Z2tYBXy5ttmafRPFOqY7S6af5cq51JqJWt5eQ/lSR/rs2wQNbDYaYlQr5O+OSUf/oMLoQ=="],
  }
}
